
Microsoft Visual Studio Solution File, Format Version 12.00
# Visual Studio Version 16
VisualStudioVersion = 16.0.31424.327
MinimumVisualStudioVersion = 10.0.40219.1
Project("{FAE04EC0-301F-11D3-BF4B-00C04F79EFBC}") = "BMICalculator", "BMICalculator\BMICalculator.csproj", "{8A8E10D8-3C6B-4B20-AF8D-A6660872CE6F}"
EndProject
Global
	GlobalSection(SolutionConfigurationPlatforms) = preSolution
		Debug|Any CPU = Debug|Any CPU
		Release|Any CPU = Release|Any CPU
	EndGlobalSection
	GlobalSection(ProjectConfigurationPlatforms) = postSolution
		{8A8E10D8-3C6B-4B20-AF8D-A6660872CE6F}.Debug|Any CPU.ActiveCfg = Debug|Any CPU
		{8A8E10D8-3C6B-4B20-AF8D-A6660872CE6F}.Debug|Any CPU.Build.0 = Debug|Any CPU
		{8A8E10D8-3C6B-4B20-AF8D-A6660872CE6F}.Release|Any CPU.ActiveCfg = Release|Any CPU
		{8A8E10D8-3C6B-4B20-AF8D-A6660872CE6F}.Release|Any CPU.Build.0 = Release|Any CPU
	EndGlobalSection
	GlobalSection(SolutionProperties) = preSolution
		HideSolutionNode = FALSE
	EndGlobalSection
	GlobalSection(ExtensibilityGlobals) = postSolution
		SolutionGuid = {10A21B8C-53D4-4E52-811A-10F83485ECFB}
	EndGlobalSection
EndGlobal
